
Microsoft Visual Studio Solution File, Format Version 12.00
# Visual Studio Version 17
VisualStudioVersion = 17.3.32804.467
MinimumVisualStudioVersion = 10.0.40219.1
Project("{9A19103F-16F7-4668-BE54-9A1E7A4F7556}") = "DoubleLinkedList", "DataStructures\DoubleLinkedList\DoubleLinkedList.csproj", "{104CDDBE-E09B-4DA2-A419-E924CA8CA25B}"
EndProject
Project("{9A19103F-16F7-4668-BE54-9A1E7A4F7556}") = "LinkedList", "DataStructures\LinkedList\LinkedList.csproj", "{C3FAAE56-60CA-4B0F-8EA0-ED6F074F188F}"
EndProject
Project("{9A19103F-16F7-4668-BE54-9A1E7A4F7556}") = "Stack", "DataStructures\Stack\Stack.csproj", "{37147C02-FDA2-4410-8826-9D4B59B1910C}"
EndProject
Project("{9A19103F-16F7-4668-BE54-9A1E7A4F7556}") = "Queue", "DataStructures\Queue\Queue.csproj", "{A38FF5ED-C6E2-47D1-BF10-8F0D6B82B8EF}"
EndProject
Project("{2150E333-8FDC-42A3-9474-1A3956D46DE8}") = "DataStructures", "DataStructures", "{458AE7F7-2421-4B22-B2D9-AC5F21205F16}"
EndProject
Project("{2150E333-8FDC-42A3-9474-1A3956D46DE8}") = "Algorithms", "Algorithms", "{940FA7BE-CD5E-4025-A230-B52D338F9C46}"
EndProject
Project("{9A19103F-16F7-4668-BE54-9A1E7A4F7556}") = "TwoPointers", "Algorithms\TwoPointers\TwoPointers.csproj", "{D1A5D91B-6A47-48E8-9950-11BC90DD6429}"
EndProject
Project("{9A19103F-16F7-4668-BE54-9A1E7A4F7556}") = "DynamycProgramming", "Algorithms\DynamycProgramming\DynamycProgramming.csproj", "{5B482C5A-77E7-4A97-9D8D-F6AB3166E5B0}"
EndProject
Project("{2150E333-8FDC-42A3-9474-1A3956D46DE8}") = "Sortings", "Sortings", "{DD758548-4980-4809-993B-39D8D65F0544}"
EndProject
Project("{2150E333-8FDC-42A3-9474-1A3956D46DE8}") = "Primitive", "Primitive", "{39144EDA-2EE7-4445-BF32-AA1F0650B6D9}"
EndProject
Project("{9A19103F-16F7-4668-BE54-9A1E7A4F7556}") = "BubbleSort", "Algorithms\Sortings\Primitive\BubbleSort\BubbleSort.csproj", "{7B496078-E861-4885-A7FE-17C78265EAB8}"
EndProject
Project("{9A19103F-16F7-4668-BE54-9A1E7A4F7556}") = "SelectionSort", "Algorithms\Sortings\Primitive\SelectionSort\SelectionSort.csproj", "{10572647-81D7-420E-8581-B7972759225A}"
EndProject
Project("{FAE04EC0-301F-11D3-BF4B-00C04F79EFBC}") = "InsertionSort", "Algorithms\Sortings\Primitive\InsertionSort\InsertionSort.csproj", "{0FF6AAE4-005E-4530-AF25-068240F2403F}"
EndProject
Global
	GlobalSection(SolutionConfigurationPlatforms) = preSolution
		Debug|Any CPU = Debug|Any CPU
		Release|Any CPU = Release|Any CPU
	EndGlobalSection
	GlobalSection(ProjectConfigurationPlatforms) = postSolution
		{104CDDBE-E09B-4DA2-A419-E924CA8CA25B}.Debug|Any CPU.ActiveCfg = Debug|Any CPU
		{104CDDBE-E09B-4DA2-A419-E924CA8CA25B}.Debug|Any CPU.Build.0 = Debug|Any CPU
		{104CDDBE-E09B-4DA2-A419-E924CA8CA25B}.Release|Any CPU.ActiveCfg = Release|Any CPU
		{104CDDBE-E09B-4DA2-A419-E924CA8CA25B}.Release|Any CPU.Build.0 = Release|Any CPU
		{C3FAAE56-60CA-4B0F-8EA0-ED6F074F188F}.Debug|Any CPU.ActiveCfg = Debug|Any CPU
		{C3FAAE56-60CA-4B0F-8EA0-ED6F074F188F}.Debug|Any CPU.Build.0 = Debug|Any CPU
		{C3FAAE56-60CA-4B0F-8EA0-ED6F074F188F}.Release|Any CPU.ActiveCfg = Release|Any CPU
		{C3FAAE56-60CA-4B0F-8EA0-ED6F074F188F}.Release|Any CPU.Build.0 = Release|Any CPU
		{37147C02-FDA2-4410-8826-9D4B59B1910C}.Debug|Any CPU.ActiveCfg = Debug|Any CPU
		{37147C02-FDA2-4410-8826-9D4B59B1910C}.Debug|Any CPU.Build.0 = Debug|Any CPU
		{37147C02-FDA2-4410-8826-9D4B59B1910C}.Release|Any CPU.ActiveCfg = Release|Any CPU
		{37147C02-FDA2-4410-8826-9D4B59B1910C}.Release|Any CPU.Build.0 = Release|Any CPU
		{A38FF5ED-C6E2-47D1-BF10-8F0D6B82B8EF}.Debug|Any CPU.ActiveCfg = Debug|Any CPU
		{A38FF5ED-C6E2-47D1-BF10-8F0D6B82B8EF}.Debug|Any CPU.Build.0 = Debug|Any CPU
		{A38FF5ED-C6E2-47D1-BF10-8F0D6B82B8EF}.Release|Any CPU.ActiveCfg = Release|Any CPU
		{A38FF5ED-C6E2-47D1-BF10-8F0D6B82B8EF}.Release|Any CPU.Build.0 = Release|Any CPU
		{D1A5D91B-6A47-48E8-9950-11BC90DD6429}.Debug|Any CPU.ActiveCfg = Debug|Any CPU
		{D1A5D91B-6A47-48E8-9950-11BC90DD6429}.Debug|Any CPU.Build.0 = Debug|Any CPU
		{D1A5D91B-6A47-48E8-9950-11BC90DD6429}.Release|Any CPU.ActiveCfg = Release|Any CPU
		{D1A5D91B-6A47-48E8-9950-11BC90DD6429}.Release|Any CPU.Build.0 = Release|Any CPU
		{5B482C5A-77E7-4A97-9D8D-F6AB3166E5B0}.Debug|Any CPU.ActiveCfg = Debug|Any CPU
		{5B482C5A-77E7-4A97-9D8D-F6AB3166E5B0}.Debug|Any CPU.Build.0 = Debug|Any CPU
		{5B482C5A-77E7-4A97-9D8D-F6AB3166E5B0}.Release|Any CPU.ActiveCfg = Release|Any CPU
		{5B482C5A-77E7-4A97-9D8D-F6AB3166E5B0}.Release|Any CPU.Build.0 = Release|Any CPU
		{7B496078-E861-4885-A7FE-17C78265EAB8}.Debug|Any CPU.ActiveCfg = Debug|Any CPU
		{7B496078-E861-4885-A7FE-17C78265EAB8}.Debug|Any CPU.Build.0 = Debug|Any CPU
		{7B496078-E861-4885-A7FE-17C78265EAB8}.Release|Any CPU.ActiveCfg = Release|Any CPU
		{7B496078-E861-4885-A7FE-17C78265EAB8}.Release|Any CPU.Build.0 = Release|Any CPU
		{10572647-81D7-420E-8581-B7972759225A}.Debug|Any CPU.ActiveCfg = Debug|Any CPU
		{10572647-81D7-420E-8581-B7972759225A}.Debug|Any CPU.Build.0 = Debug|Any CPU
		{10572647-81D7-420E-8581-B7972759225A}.Release|Any CPU.ActiveCfg = Release|Any CPU
		{10572647-81D7-420E-8581-B7972759225A}.Release|Any CPU.Build.0 = Release|Any CPU
		{0FF6AAE4-005E-4530-AF25-068240F2403F}.Debug|Any CPU.ActiveCfg = Debug|Any CPU
		{0FF6AAE4-005E-4530-AF25-068240F2403F}.Debug|Any CPU.Build.0 = Debug|Any CPU
		{0FF6AAE4-005E-4530-AF25-068240F2403F}.Release|Any CPU.ActiveCfg = Release|Any CPU
		{0FF6AAE4-005E-4530-AF25-068240F2403F}.Release|Any CPU.Build.0 = Release|Any CPU
	EndGlobalSection
	GlobalSection(SolutionProperties) = preSolution
		HideSolutionNode = FALSE
	EndGlobalSection
	GlobalSection(NestedProjects) = preSolution
		{104CDDBE-E09B-4DA2-A419-E924CA8CA25B} = {458AE7F7-2421-4B22-B2D9-AC5F21205F16}
		{C3FAAE56-60CA-4B0F-8EA0-ED6F074F188F} = {458AE7F7-2421-4B22-B2D9-AC5F21205F16}
		{37147C02-FDA2-4410-8826-9D4B59B1910C} = {458AE7F7-2421-4B22-B2D9-AC5F21205F16}
		{A38FF5ED-C6E2-47D1-BF10-8F0D6B82B8EF} = {458AE7F7-2421-4B22-B2D9-AC5F21205F16}
		{D1A5D91B-6A47-48E8-9950-11BC90DD6429} = {940FA7BE-CD5E-4025-A230-B52D338F9C46}
		{5B482C5A-77E7-4A97-9D8D-F6AB3166E5B0} = {940FA7BE-CD5E-4025-A230-B52D338F9C46}
		{DD758548-4980-4809-993B-39D8D65F0544} = {940FA7BE-CD5E-4025-A230-B52D338F9C46}
		{39144EDA-2EE7-4445-BF32-AA1F0650B6D9} = {DD758548-4980-4809-993B-39D8D65F0544}
		{7B496078-E861-4885-A7FE-17C78265EAB8} = {39144EDA-2EE7-4445-BF32-AA1F0650B6D9}
		{10572647-81D7-420E-8581-B7972759225A} = {39144EDA-2EE7-4445-BF32-AA1F0650B6D9}
		{0FF6AAE4-005E-4530-AF25-068240F2403F} = {39144EDA-2EE7-4445-BF32-AA1F0650B6D9}
	EndGlobalSection
	GlobalSection(ExtensibilityGlobals) = postSolution
		SolutionGuid = {94113632-9497-41AD-B93E-B4BD2341E533}
	EndGlobalSection
EndGlobal
